
Microsoft Visual Studio Solution File, Format Version 12.00
# Visual Studio 2013
VisualStudioVersion = 12.0.30501.0
MinimumVisualStudioVersion = 10.0.40219.1
Project("{FAE04EC0-301F-11D3-BF4B-00C04F79EFBC}") = "GymnasticCompetition", "GymnasticCompetition\GymnasticCompetition.csproj", "{28AD9D20-7016-41AC-8405-54F079BA6F81}"
EndProject
Global
	GlobalSection(SolutionConfigurationPlatforms) = preSolution
		Debug|Any CPU = Debug|Any CPU
		Release|Any CPU = Release|Any CPU
	EndGlobalSection
	GlobalSection(ProjectConfigurationPlatforms) = postSolution
		{28AD9D20-7016-41AC-8405-54F079BA6F81}.Debug|Any CPU.ActiveCfg = Debug|Any CPU
		{28AD9D20-7016-41AC-8405-54F079BA6F81}.Debug|Any CPU.Build.0 = Debug|Any CPU
		{28AD9D20-7016-41AC-8405-54F079BA6F81}.Release|Any CPU.ActiveCfg = Release|Any CPU
		{28AD9D20-7016-41AC-8405-54F079BA6F81}.Release|Any CPU.Build.0 = Release|Any CPU
	EndGlobalSection
	GlobalSection(SolutionProperties) = preSolution
		HideSolutionNode = FALSE
	EndGlobalSection
EndGlobal
